
Microsoft Visual Studio Solution File, Format Version 12.00
# Visual Studio Version 17
VisualStudioVersion = 17.14.36908.2 d17.14
MinimumVisualStudioVersion = 10.0.40219.1
Project("{FAE04EC0-301F-11D3-BF4B-00C04F79EFBC}") = "chapter01", "chapter01\chapter01.csproj", "{49DF6482-FD42-46A2-A1A9-A8F7AF677C2F}"
EndProject
Global
	GlobalSection(SolutionConfigurationPlatforms) = preSolution
		Debug|Any CPU = Debug|Any CPU
		Release|Any CPU = Release|Any CPU
	EndGlobalSection
	GlobalSection(ProjectConfigurationPlatforms) = postSolution
		{49DF6482-FD42-46A2-A1A9-A8F7AF677C2F}.Debug|Any CPU.ActiveCfg = Debug|Any CPU
		{49DF6482-FD42-46A2-A1A9-A8F7AF677C2F}.Debug|Any CPU.Build.0 = Debug|Any CPU
		{49DF6482-FD42-46A2-A1A9-A8F7AF677C2F}.Release|Any CPU.ActiveCfg = Release|Any CPU
		{49DF6482-FD42-46A2-A1A9-A8F7AF677C2F}.Release|Any CPU.Build.0 = Release|Any CPU
	EndGlobalSection
	GlobalSection(SolutionProperties) = preSolution
		HideSolutionNode = FALSE
	EndGlobalSection
	GlobalSection(ExtensibilityGlobals) = postSolution
		SolutionGuid = {4CA81C26-CB41-498A-A8FB-6584073A19E1}
	EndGlobalSection
EndGlobal
